
Microsoft Visual Studio Solution File, Format Version 12.00
# Visual Studio Version 17
VisualStudioVersion = 17.0.31919.166
MinimumVisualStudioVersion = 10.0.40219.1
Project("{9A19103F-16F7-4668-BE54-9A1E7A4F7556}") = "ModularWidget", "ModularWidget\ModularWidget.csproj", "{CEB73470-CB43-4B0A-AEC9-F4C41B0AF3F3}"
EndProject
Project("{9A19103F-16F7-4668-BE54-9A1E7A4F7556}") = "TestModule", "TestModule\TestModule.csproj", "{80181BE4-B4F4-4725-B703-566F7D2DDE9A}"
EndProject
Project("{9A19103F-16F7-4668-BE54-9A1E7A4F7556}") = "Test2Module", "Test2Module\Test2Module.csproj", "{2F9E3135-1E08-4591-9702-ACC9AE21B6EE}"
EndProject
Project("{9A19103F-16F7-4668-BE54-9A1E7A4F7556}") = "ETCModule", "ETCModule\ETCModule.csproj", "{EFB1F0C2-3B18-4827-9302-3AF746CFE3E0}"
EndProject
Project("{9A19103F-16F7-4668-BE54-9A1E7A4F7556}") = "MusicWinModule", "MusicWinModule\MusicWinModule.csproj", "{BB29BBAF-13B5-4645-8814-F3D18B4AEFF3}"
EndProject
Global
	GlobalSection(SolutionConfigurationPlatforms) = preSolution
		Debug|Any CPU = Debug|Any CPU
		Release|Any CPU = Release|Any CPU
	EndGlobalSection
	GlobalSection(ProjectConfigurationPlatforms) = postSolution
		{CEB73470-CB43-4B0A-AEC9-F4C41B0AF3F3}.Debug|Any CPU.ActiveCfg = Debug|Any CPU
		{CEB73470-CB43-4B0A-AEC9-F4C41B0AF3F3}.Debug|Any CPU.Build.0 = Debug|Any CPU
		{CEB73470-CB43-4B0A-AEC9-F4C41B0AF3F3}.Release|Any CPU.ActiveCfg = Release|Any CPU
		{CEB73470-CB43-4B0A-AEC9-F4C41B0AF3F3}.Release|Any CPU.Build.0 = Release|Any CPU
		{80181BE4-B4F4-4725-B703-566F7D2DDE9A}.Debug|Any CPU.ActiveCfg = Debug|Any CPU
		{80181BE4-B4F4-4725-B703-566F7D2DDE9A}.Debug|Any CPU.Build.0 = Debug|Any CPU
		{80181BE4-B4F4-4725-B703-566F7D2DDE9A}.Release|Any CPU.ActiveCfg = Release|Any CPU
		{80181BE4-B4F4-4725-B703-566F7D2DDE9A}.Release|Any CPU.Build.0 = Release|Any CPU
		{2F9E3135-1E08-4591-9702-ACC9AE21B6EE}.Debug|Any CPU.ActiveCfg = Debug|Any CPU
		{2F9E3135-1E08-4591-9702-ACC9AE21B6EE}.Debug|Any CPU.Build.0 = Debug|Any CPU
		{2F9E3135-1E08-4591-9702-ACC9AE21B6EE}.Release|Any CPU.ActiveCfg = Release|Any CPU
		{2F9E3135-1E08-4591-9702-ACC9AE21B6EE}.Release|Any CPU.Build.0 = Release|Any CPU
		{EFB1F0C2-3B18-4827-9302-3AF746CFE3E0}.Debug|Any CPU.ActiveCfg = Debug|Any CPU
		{EFB1F0C2-3B18-4827-9302-3AF746CFE3E0}.Debug|Any CPU.Build.0 = Debug|Any CPU
		{EFB1F0C2-3B18-4827-9302-3AF746CFE3E0}.Release|Any CPU.ActiveCfg = Release|Any CPU
		{EFB1F0C2-3B18-4827-9302-3AF746CFE3E0}.Release|Any CPU.Build.0 = Release|Any CPU
		{BB29BBAF-13B5-4645-8814-F3D18B4AEFF3}.Debug|Any CPU.ActiveCfg = Debug|Any CPU
		{BB29BBAF-13B5-4645-8814-F3D18B4AEFF3}.Debug|Any CPU.Build.0 = Debug|Any CPU
		{BB29BBAF-13B5-4645-8814-F3D18B4AEFF3}.Release|Any CPU.ActiveCfg = Release|Any CPU
		{BB29BBAF-13B5-4645-8814-F3D18B4AEFF3}.Release|Any CPU.Build.0 = Release|Any CPU
	EndGlobalSection
	GlobalSection(SolutionProperties) = preSolution
		HideSolutionNode = FALSE
	EndGlobalSection
	GlobalSection(ExtensibilityGlobals) = postSolution
		SolutionGuid = {09ED541D-9913-42D7-BB4F-3299008E11E1}
	EndGlobalSection
EndGlobal
